
Microsoft Visual Studio Solution File, Format Version 12.00
# Visual Studio Version 17
VisualStudioVersion = 17.2.32616.157
MinimumVisualStudioVersion = 10.0.40219.1
Project("{9A19103F-16F7-4668-BE54-9A1E7A4F7556}") = "BalloonsExtended", "BalloonsExtended.csproj", "{81D11419-254B-4091-826A-95C850D28C66}"
EndProject
Global
	GlobalSection(SolutionConfigurationPlatforms) = preSolution
		Debug|Any CPU = Debug|Any CPU
		Release|Any CPU = Release|Any CPU
	EndGlobalSection
	GlobalSection(ProjectConfigurationPlatforms) = postSolution
		{81D11419-254B-4091-826A-95C850D28C66}.Debug|Any CPU.ActiveCfg = Debug|Any CPU
		{81D11419-254B-4091-826A-95C850D28C66}.Debug|Any CPU.Build.0 = Debug|Any CPU
		{81D11419-254B-4091-826A-95C850D28C66}.Release|Any CPU.ActiveCfg = Release|Any CPU
		{81D11419-254B-4091-826A-95C850D28C66}.Release|Any CPU.Build.0 = Release|Any CPU
	EndGlobalSection
	GlobalSection(SolutionProperties) = preSolution
		HideSolutionNode = FALSE
	EndGlobalSection
	GlobalSection(ExtensibilityGlobals) = postSolution
		SolutionGuid = {685E6694-D91A-4BF1-A2E2-274923717D22}
	EndGlobalSection
EndGlobal
